
Microsoft Visual Studio Solution File, Format Version 12.00
# Visual Studio Version 17
VisualStudioVersion = 17.2.32630.192
MinimumVisualStudioVersion = 10.0.40219.1
Project("{FAE04EC0-301F-11D3-BF4B-00C04F79EFBC}") = "Benchmarking", "NetFramework.Benchmarking\Benchmarking.csproj", "{A518BACA-E37E-487E-BE9C-2862458B0ABC}"
EndProject
Global
	GlobalSection(SolutionConfigurationPlatforms) = preSolution
		Debug|Any CPU = Debug|Any CPU
		Release|Any CPU = Release|Any CPU
	EndGlobalSection
	GlobalSection(ProjectConfigurationPlatforms) = postSolution
		{A518BACA-E37E-487E-BE9C-2862458B0ABC}.Debug|Any CPU.ActiveCfg = Debug|Any CPU
		{A518BACA-E37E-487E-BE9C-2862458B0ABC}.Debug|Any CPU.Build.0 = Debug|Any CPU
		{A518BACA-E37E-487E-BE9C-2862458B0ABC}.Release|Any CPU.ActiveCfg = Release|Any CPU
		{A518BACA-E37E-487E-BE9C-2862458B0ABC}.Release|Any CPU.Build.0 = Release|Any CPU
	EndGlobalSection
	GlobalSection(SolutionProperties) = preSolution
		HideSolutionNode = FALSE
	EndGlobalSection
	GlobalSection(ExtensibilityGlobals) = postSolution
		SolutionGuid = {A26C1A96-D3E9-42BE-9DC1-E3B8FC28E335}
	EndGlobalSection
EndGlobal
