
Microsoft Visual Studio Solution File, Format Version 12.00
# Visual Studio Version 17
VisualStudioVersion = 17.2.32630.192
MinimumVisualStudioVersion = 10.0.40219.1
Project("{9A19103F-16F7-4668-BE54-9A1E7A4F7556}") = "NetCore.Benchmarking", "NetCore.Benchmarking\NetCore.Benchmarking.csproj", "{7893E55F-8815-4E5B-94C8-F3DDB28E4F62}"
EndProject
Project("{FAE04EC0-301F-11D3-BF4B-00C04F79EFBC}") = "NetFramework.Benchmarking", "NetFramework.Benchmarking\NetFramework.Benchmarking.csproj", "{D47D2495-78F5-4FD8-B8F3-B3545DFE80C6}"
EndProject
Global
	GlobalSection(SolutionConfigurationPlatforms) = preSolution
		Debug|Any CPU = Debug|Any CPU
		Release|Any CPU = Release|Any CPU
	EndGlobalSection
	GlobalSection(ProjectConfigurationPlatforms) = postSolution
		{7893E55F-8815-4E5B-94C8-F3DDB28E4F62}.Debug|Any CPU.ActiveCfg = Debug|Any CPU
		{7893E55F-8815-4E5B-94C8-F3DDB28E4F62}.Debug|Any CPU.Build.0 = Debug|Any CPU
		{7893E55F-8815-4E5B-94C8-F3DDB28E4F62}.Release|Any CPU.ActiveCfg = Release|Any CPU
		{7893E55F-8815-4E5B-94C8-F3DDB28E4F62}.Release|Any CPU.Build.0 = Release|Any CPU
		{D47D2495-78F5-4FD8-B8F3-B3545DFE80C6}.Debug|Any CPU.ActiveCfg = Debug|Any CPU
		{D47D2495-78F5-4FD8-B8F3-B3545DFE80C6}.Debug|Any CPU.Build.0 = Debug|Any CPU
		{D47D2495-78F5-4FD8-B8F3-B3545DFE80C6}.Release|Any CPU.ActiveCfg = Release|Any CPU
		{D47D2495-78F5-4FD8-B8F3-B3545DFE80C6}.Release|Any CPU.Build.0 = Release|Any CPU
	EndGlobalSection
	GlobalSection(SolutionProperties) = preSolution
		HideSolutionNode = FALSE
	EndGlobalSection
	GlobalSection(ExtensibilityGlobals) = postSolution
		SolutionGuid = {A26C1A96-D3E9-42BE-9DC1-E3B8FC28E335}
	EndGlobalSection
EndGlobal
